
Microsoft Visual Studio Solution File, Format Version 12.00
# Visual Studio Version 16
VisualStudioVersion = 16.0.29609.76
MinimumVisualStudioVersion = 10.0.40219.1
Project("{FAE04EC0-301F-11D3-BF4B-00C04F79EFBC}") = "RazorPageMovies", "RazorPageMovies\RazorPageMovies.csproj", "{37FC3E54-076B-43B2-A9CE-DD818ABDB4ED}"
EndProject
Global
	GlobalSection(SolutionConfigurationPlatforms) = preSolution
		Debug|Any CPU = Debug|Any CPU
		Release|Any CPU = Release|Any CPU
	EndGlobalSection
	GlobalSection(ProjectConfigurationPlatforms) = postSolution
		{37FC3E54-076B-43B2-A9CE-DD818ABDB4ED}.Debug|Any CPU.ActiveCfg = Debug|Any CPU
		{37FC3E54-076B-43B2-A9CE-DD818ABDB4ED}.Debug|Any CPU.Build.0 = Debug|Any CPU
		{37FC3E54-076B-43B2-A9CE-DD818ABDB4ED}.Release|Any CPU.ActiveCfg = Release|Any CPU
		{37FC3E54-076B-43B2-A9CE-DD818ABDB4ED}.Release|Any CPU.Build.0 = Release|Any CPU
	EndGlobalSection
	GlobalSection(SolutionProperties) = preSolution
		HideSolutionNode = FALSE
	EndGlobalSection
	GlobalSection(ExtensibilityGlobals) = postSolution
		SolutionGuid = {8370BA95-F67D-42F8-B429-40587ECF8330}
	EndGlobalSection
EndGlobal
